
Microsoft Visual Studio Solution File, Format Version 11.00
# Visual C# Express 2010
Project("{FAE04EC0-301F-11D3-BF4B-00C04F79EFBC}") = "cfw", "cfw\cfw.csproj", "{A4491F5D-440F-47A3-B527-EA3F569F8DFC}"
EndProject
Global
	GlobalSection(SolutionConfigurationPlatforms) = preSolution
		Debug|Any CPU = Debug|Any CPU
		Debug|x64 = Debug|x64
		Debug|x86 = Debug|x86
		Release|Any CPU = Release|Any CPU
		Release|x64 = Release|x64
		Release|x86 = Release|x86
	EndGlobalSection
	GlobalSection(ProjectConfigurationPlatforms) = postSolution
		{A4491F5D-440F-47A3-B527-EA3F569F8DFC}.Debug|Any CPU.ActiveCfg = Debug|Any CPU
		{A4491F5D-440F-47A3-B527-EA3F569F8DFC}.Debug|Any CPU.Build.0 = Debug|Any CPU
		{A4491F5D-440F-47A3-B527-EA3F569F8DFC}.Debug|x64.ActiveCfg = Debug|x64
		{A4491F5D-440F-47A3-B527-EA3F569F8DFC}.Debug|x64.Build.0 = Debug|x64
		{A4491F5D-440F-47A3-B527-EA3F569F8DFC}.Debug|x86.ActiveCfg = Debug|x86
		{A4491F5D-440F-47A3-B527-EA3F569F8DFC}.Debug|x86.Build.0 = Debug|x86
		{A4491F5D-440F-47A3-B527-EA3F569F8DFC}.Release|Any CPU.ActiveCfg = Release|Any CPU
		{A4491F5D-440F-47A3-B527-EA3F569F8DFC}.Release|Any CPU.Build.0 = Release|Any CPU
		{A4491F5D-440F-47A3-B527-EA3F569F8DFC}.Release|x64.ActiveCfg = Release|x64
		{A4491F5D-440F-47A3-B527-EA3F569F8DFC}.Release|x64.Build.0 = Release|x64
		{A4491F5D-440F-47A3-B527-EA3F569F8DFC}.Release|x86.ActiveCfg = Release|x64
		{A4491F5D-440F-47A3-B527-EA3F569F8DFC}.Release|x86.Build.0 = Release|x64
	EndGlobalSection
	GlobalSection(SolutionProperties) = preSolution
		HideSolutionNode = FALSE
	EndGlobalSection
EndGlobal
